
Microsoft Visual Studio Solution File, Format Version 12.00
# Visual Studio 15
VisualStudioVersion = 15.0.26730.16
MinimumVisualStudioVersion = 10.0.40219.1
Project("{FAE04EC0-301F-11D3-BF4B-00C04F79EFBC}") = "ControlePatrimonio", "ControlePatrimonio\ControlePatrimonio.csproj", "{E1018FF5-9958-4C1A-B658-9A9F1110E399}"
EndProject
Global
	GlobalSection(SolutionConfigurationPlatforms) = preSolution
		Debug|Any CPU = Debug|Any CPU
		Release|Any CPU = Release|Any CPU
	EndGlobalSection
	GlobalSection(ProjectConfigurationPlatforms) = postSolution
		{E1018FF5-9958-4C1A-B658-9A9F1110E399}.Debug|Any CPU.ActiveCfg = Debug|Any CPU
		{E1018FF5-9958-4C1A-B658-9A9F1110E399}.Debug|Any CPU.Build.0 = Debug|Any CPU
		{E1018FF5-9958-4C1A-B658-9A9F1110E399}.Release|Any CPU.ActiveCfg = Release|Any CPU
		{E1018FF5-9958-4C1A-B658-9A9F1110E399}.Release|Any CPU.Build.0 = Release|Any CPU
	EndGlobalSection
	GlobalSection(SolutionProperties) = preSolution
		HideSolutionNode = FALSE
	EndGlobalSection
	GlobalSection(ExtensibilityGlobals) = postSolution
		SolutionGuid = {270EAFC0-B5E6-4DA0-AA32-CE1CBF8521F4}
	EndGlobalSection
EndGlobal
